// !$*UTF8*$!
{
	archiveVersion = 1;
	classes = {
	};
	objectVersion = 56;
	objects = {

/* Begin PBXBuildFile section */
		041BC3092B8386CB002234B9 /* NotificationsViewController.swift in Sources */ = {isa = PBXBuildFile; fileRef = 041BC3082B8386CB002234B9 /* NotificationsViewController.swift */; };
		041BC30C2B838759002234B9 /* ProfileViewController.swift in Sources */ = {isa = PBXBuildFile; fileRef = 041BC30B2B838759002234B9 /* ProfileViewController.swift */; };
		041BC30F2B838A74002234B9 /* UIView+Extension.swift in Sources */ = {isa = PBXBuildFile; fileRef = 041BC30E2B838A74002234B9 /* UIView+Extension.swift */; };
		041BC3122B8395B5002234B9 /* ModelStories.swift in Sources */ = {isa = PBXBuildFile; fileRef = 041BC3112B8395B5002234B9 /* ModelStories.swift */; };
		041BC3162B839972002234B9 /* StoriesCell.swift in Sources */ = {isa = PBXBuildFile; fileRef = 041BC3152B839972002234B9 /* StoriesCell.swift */; };
		041BC31A2B83AB7F002234B9 /* CellType.swift in Sources */ = {isa = PBXBuildFile; fileRef = 041BC3192B83AB7F002234B9 /* CellType.swift */; };
		041BC31D2B83AE70002234B9 /* ModelPost.swift in Sources */ = {isa = PBXBuildFile; fileRef = 041BC31C2B83AE70002234B9 /* ModelPost.swift */; };
		041BC31F2B83AFA6002234B9 /* PostCell.swift in Sources */ = {isa = PBXBuildFile; fileRef = 041BC31E2B83AFA6002234B9 /* PostCell.swift */; };
		041BC3262B843A41002234B9 /* RecomendationModel.swift in Sources */ = {isa = PBXBuildFile; fileRef = 041BC3252B843A41002234B9 /* RecomendationModel.swift */; };
		041BC3282B843C2D002234B9 /* RecomindationCell.swift in Sources */ = {isa = PBXBuildFile; fileRef = 041BC3272B843C2D002234B9 /* RecomindationCell.swift */; };
		0499A4742B71214100DDDFCC /* AppDelegate.swift in Sources */ = {isa = PBXBuildFile; fileRef = 0499A4732B71214100DDDFCC /* AppDelegate.swift */; };
		0499A4762B71214100DDDFCC /* SceneDelegate.swift in Sources */ = {isa = PBXBuildFile; fileRef = 0499A4752B71214100DDDFCC /* SceneDelegate.swift */; };
		0499A4782B71214100DDDFCC /* PostsViewController.swift in Sources */ = {isa = PBXBuildFile; fileRef = 0499A4772B71214100DDDFCC /* PostsViewController.swift */; };
		0499A47B2B71214100DDDFCC /* Main.storyboard in Resources */ = {isa = PBXBuildFile; fileRef = 0499A4792B71214100DDDFCC /* Main.storyboard */; };
		0499A47D2B71214400DDDFCC /* Assets.xcassets in Resources */ = {isa = PBXBuildFile; fileRef = 0499A47C2B71214400DDDFCC /* Assets.xcassets */; };
		0499A4802B71214400DDDFCC /* LaunchScreen.storyboard in Resources */ = {isa = PBXBuildFile; fileRef = 0499A47E2B71214400DDDFCC /* LaunchScreen.storyboard */; };
/* End PBXBuildFile section */

/* Begin PBXBuildRule section */
		0499A48C2B71246800DDDFCC /* PBXBuildRule */ = {
			isa = PBXBuildRule;
			compilerSpec = com.apple.compilers.proxy.script;
			fileType = pattern.proxy;
			inputFiles = (
			);
			isEditable = 1;
			name = SwiftLint;
			outputFiles = (
			);
			script = "
";
		};
/* End PBXBuildRule section */

/* Begin PBXFileReference section */
		041BC3082B8386CB002234B9 /* NotificationsViewController.swift */ = {isa = PBXFileReference; lastKnownFileType = sourcecode.swift; path = NotificationsViewController.swift; sourceTree = "<group>"; };
		041BC30B2B838759002234B9 /* ProfileViewController.swift */ = {isa = PBXFileReference; lastKnownFileType = sourcecode.swift; path = ProfileViewController.swift; sourceTree = "<group>"; };
		041BC30E2B838A74002234B9 /* UIView+Extension.swift */ = {isa = PBXFileReference; lastKnownFileType = sourcecode.swift; path = "UIView+Extension.swift"; sourceTree = "<group>"; };
		041BC3112B8395B5002234B9 /* ModelStories.swift */ = {isa = PBXFileReference; lastKnownFileType = sourcecode.swift; path = ModelStories.swift; sourceTree = "<group>"; };
		041BC3152B839972002234B9 /* StoriesCell.swift */ = {isa = PBXFileReference; lastKnownFileType = sourcecode.swift; path = StoriesCell.swift; sourceTree = "<group>"; };
		041BC3192B83AB7F002234B9 /* CellType.swift */ = {isa = PBXFileReference; lastKnownFileType = sourcecode.swift; path = CellType.swift; sourceTree = "<group>"; };
		041BC31C2B83AE70002234B9 /* ModelPost.swift */ = {isa = PBXFileReference; lastKnownFileType = sourcecode.swift; path = ModelPost.swift; sourceTree = "<group>"; };
		041BC31E2B83AFA6002234B9 /* PostCell.swift */ = {isa = PBXFileReference; lastKnownFileType = sourcecode.swift; path = PostCell.swift; sourceTree = "<group>"; };
		041BC3252B843A41002234B9 /* RecomendationModel.swift */ = {isa = PBXFileReference; lastKnownFileType = sourcecode.swift; path = RecomendationModel.swift; sourceTree = "<group>"; };
		041BC3272B843C2D002234B9 /* RecomindationCell.swift */ = {isa = PBXFileReference; lastKnownFileType = sourcecode.swift; path = RecomindationCell.swift; sourceTree = "<group>"; };
		0499A4702B71214100DDDFCC /* UIKitDZ.app */ = {isa = PBXFileReference; explicitFileType = wrapper.application; includeInIndex = 0; path = UIKitDZ.app; sourceTree = BUILT_PRODUCTS_DIR; };
		0499A4732B71214100DDDFCC /* AppDelegate.swift */ = {isa = PBXFileReference; lastKnownFileType = sourcecode.swift; path = AppDelegate.swift; sourceTree = "<group>"; };
		0499A4752B71214100DDDFCC /* SceneDelegate.swift */ = {isa = PBXFileReference; lastKnownFileType = sourcecode.swift; path = SceneDelegate.swift; sourceTree = "<group>"; };
		0499A4772B71214100DDDFCC /* PostsViewController.swift */ = {isa = PBXFileReference; lastKnownFileType = sourcecode.swift; path = PostsViewController.swift; sourceTree = "<group>"; };
		0499A47A2B71214100DDDFCC /* Base */ = {isa = PBXFileReference; lastKnownFileType = file.storyboard; name = Base; path = Base.lproj/Main.storyboard; sourceTree = "<group>"; };
		0499A47C2B71214400DDDFCC /* Assets.xcassets */ = {isa = PBXFileReference; lastKnownFileType = folder.assetcatalog; path = Assets.xcassets; sourceTree = "<group>"; };
		0499A47F2B71214400DDDFCC /* Base */ = {isa = PBXFileReference; lastKnownFileType = file.storyboard; name = Base; path = Base.lproj/LaunchScreen.storyboard; sourceTree = "<group>"; };
		0499A4812B71214400DDDFCC /* Info.plist */ = {isa = PBXFileReference; lastKnownFileType = text.plist.xml; path = Info.plist; sourceTree = "<group>"; };
/* End PBXFileReference section */

/* Begin PBXFrameworksBuildPhase section */
		0499A46D2B71214100DDDFCC /* Frameworks */ = {
			isa = PBXFrameworksBuildPhase;
			buildActionMask = 2147483647;
			files = (
			);
			runOnlyForDeploymentPostprocessing = 0;
		};
/* End PBXFrameworksBuildPhase section */

/* Begin PBXGroup section */
		041BC3052B838626002234B9 /* PostsScreen */ = {
			isa = PBXGroup;
			children = (
				0499A4772B71214100DDDFCC /* PostsViewController.swift */,
			);
			path = PostsScreen;
			sourceTree = "<group>";
		};
		041BC3062B83868A002234B9 /* Supports */ = {
			isa = PBXGroup;
			children = (
				0499A4732B71214100DDDFCC /* AppDelegate.swift */,
				0499A4752B71214100DDDFCC /* SceneDelegate.swift */,
			);
			path = Supports;
			sourceTree = "<group>";
		};
		041BC3072B8386BC002234B9 /* EventScreen */ = {
			isa = PBXGroup;
			children = (
				041BC3082B8386CB002234B9 /* NotificationsViewController.swift */,
			);
			path = EventScreen;
			sourceTree = "<group>";
		};
		041BC30D2B838A5E002234B9 /* Extension */ = {
			isa = PBXGroup;
			children = (
				041BC30E2B838A74002234B9 /* UIView+Extension.swift */,
			);
			path = Extension;
			sourceTree = "<group>";
		};
		041BC3102B8395A3002234B9 /* ModelStories */ = {
			isa = PBXGroup;
			children = (
				041BC3112B8395B5002234B9 /* ModelStories.swift */,
				041BC3152B839972002234B9 /* StoriesCell.swift */,
			);
			path = ModelStories;
			sourceTree = "<group>";
		};
		041BC31B2B83AE5F002234B9 /* PostModel */ = {
			isa = PBXGroup;
			children = (
				041BC31C2B83AE70002234B9 /* ModelPost.swift */,
				041BC31E2B83AFA6002234B9 /* PostCell.swift */,
			);
			path = PostModel;
			sourceTree = "<group>";
		};
		041BC3242B843A22002234B9 /* RecomendationModel */ = {
			isa = PBXGroup;
			children = (
				041BC3252B843A41002234B9 /* RecomendationModel.swift */,
				041BC3272B843C2D002234B9 /* RecomindationCell.swift */,
			);
			path = RecomendationModel;
			sourceTree = "<group>";
		};
		0499A4672B71214100DDDFCC = {
			isa = PBXGroup;
			children = (
				0499A4722B71214100DDDFCC /* UIKitDZ */,
				0499A4712B71214100DDDFCC /* Products */,
			);
			sourceTree = "<group>";
		};
		0499A4712B71214100DDDFCC /* Products */ = {
			isa = PBXGroup;
			children = (
				0499A4702B71214100DDDFCC /* UIKitDZ.app */,
			);
			name = Products;
			sourceTree = "<group>";
		};
		0499A4722B71214100DDDFCC /* UIKitDZ */ = {
			isa = PBXGroup;
			children = (
				041BC3192B83AB7F002234B9 /* CellType.swift */,
				041BC3242B843A22002234B9 /* RecomendationModel */,
				041BC31B2B83AE5F002234B9 /* PostModel */,
				041BC3102B8395A3002234B9 /* ModelStories */,
				041BC3072B8386BC002234B9 /* EventScreen */,
				041BC3052B838626002234B9 /* PostsScreen */,
				0499A4792B71214100DDDFCC /* Main.storyboard */,
				0499A47C2B71214400DDDFCC /* Assets.xcassets */,
				0499A47E2B71214400DDDFCC /* LaunchScreen.storyboard */,
				0499A4812B71214400DDDFCC /* Info.plist */,
				041BC30D2B838A5E002234B9 /* Extension */,
				041BC3062B83868A002234B9 /* Supports */,
				041BC30B2B838759002234B9 /* ProfileViewController.swift */,
			);
			path = UIKitDZ;
			sourceTree = "<group>";
		};
/* End PBXGroup section */

/* Begin PBXNativeTarget section */
		0499A46F2B71214100DDDFCC /* UIKitDZ */ = {
			isa = PBXNativeTarget;
			buildConfigurationList = 0499A4842B71214400DDDFCC /* Build configuration list for PBXNativeTarget "UIKitDZ" */;
			buildPhases = (
				0499A46C2B71214100DDDFCC /* Sources */,
				0499A46D2B71214100DDDFCC /* Frameworks */,
				0499A46E2B71214100DDDFCC /* Resources */,
				0499A48E2B7133E200DDDFCC /* Swift Formater */,
				0499A48D2B7129AB00DDDFCC /* Swift Lint */,
			);
			buildRules = (
				0499A48C2B71246800DDDFCC /* PBXBuildRule */,
			);
			dependencies = (
			);
			name = UIKitDZ;
			productName = UIKitDZ;
			productReference = 0499A4702B71214100DDDFCC /* UIKitDZ.app */;
			productType = "com.apple.product-type.application";
		};
/* End PBXNativeTarget section */

/* Begin PBXProject section */
		0499A4682B71214100DDDFCC /* Project object */ = {
			isa = PBXProject;
			attributes = {
				BuildIndependentTargetsInParallel = 1;
				LastSwiftUpdateCheck = 1430;
				LastUpgradeCheck = 1430;
				TargetAttributes = {
					0499A46F2B71214100DDDFCC = {
						CreatedOnToolsVersion = 14.3.1;
					};
				};
			};
			buildConfigurationList = 0499A46B2B71214100DDDFCC /* Build configuration list for PBXProject "UIKitDZ" */;
			compatibilityVersion = "Xcode 14.0";
			developmentRegion = en;
			hasScannedForEncodings = 0;
			knownRegions = (
				en,
				Base,
			);
			mainGroup = 0499A4672B71214100DDDFCC;
			productRefGroup = 0499A4712B71214100DDDFCC /* Products */;
			projectDirPath = "";
			projectRoot = "";
			targets = (
				0499A46F2B71214100DDDFCC /* UIKitDZ */,
			);
		};
/* End PBXProject section */

/* Begin PBXResourcesBuildPhase section */
		0499A46E2B71214100DDDFCC /* Resources */ = {
			isa = PBXResourcesBuildPhase;
			buildActionMask = 2147483647;
			files = (
				0499A4802B71214400DDDFCC /* LaunchScreen.storyboard in Resources */,
				0499A47D2B71214400DDDFCC /* Assets.xcassets in Resources */,
				0499A47B2B71214100DDDFCC /* Main.storyboard in Resources */,
			);
			runOnlyForDeploymentPostprocessing = 0;
		};
/* End PBXResourcesBuildPhase section */

/* Begin PBXShellScriptBuildPhase section */
		0499A48D2B7129AB00DDDFCC /* Swift Lint */ = {
			isa = PBXShellScriptBuildPhase;
			alwaysOutOfDate = 1;
			buildActionMask = 2147483647;
			files = (
			);
			inputFileListPaths = (
			);
			inputPaths = (
			);
			name = "Swift Lint";
			outputFileListPaths = (
			);
			outputPaths = (
			);
			runOnlyForDeploymentPostprocessing = 0;
			shellPath = /bin/sh;
			shellScript = "if [[ \"$(uname -m)\" == arm64 ]]; then\n    export PATH=\"/opt/homebrew/bin:$PATH\"\nfi\n\nif which swiftlint >/dev/null; then\n    swiftlint\nelse\n    echo \"warning: SwiftLint not installed, download from https://github.com/realm/SwiftLint\"\nfi\n";
		};
		0499A48E2B7133E200DDDFCC /* Swift Formater */ = {
			isa = PBXShellScriptBuildPhase;
			alwaysOutOfDate = 1;
			buildActionMask = 2147483647;
			files = (
			);
			inputFileListPaths = (
			);
			inputPaths = (
			);
			name = "Swift Formater";
			outputFileListPaths = (
			);
			outputPaths = (
			);
			runOnlyForDeploymentPostprocessing = 0;
			shellPath = /bin/sh;
			shellScript = "if [[ \"$(uname -m)\" == arm64 ]]; then\n    export PATH=\"/opt/homebrew/bin:$PATH\"\nfi\n\nif which swiftformat >/dev/null; then\n  swiftformat .\nelse\n  echo \"warning: SwiftFormat not installed, download from https://github.com/nicklockwood/SwiftFormat\"\nfi\n";
		};
/* End PBXShellScriptBuildPhase section */

/* Begin PBXSourcesBuildPhase section */
		0499A46C2B71214100DDDFCC /* Sources */ = {
			isa = PBXSourcesBuildPhase;
			buildActionMask = 2147483647;
			files = (
				041BC3262B843A41002234B9 /* RecomendationModel.swift in Sources */,
				041BC31D2B83AE70002234B9 /* ModelPost.swift in Sources */,
				041BC30F2B838A74002234B9 /* UIView+Extension.swift in Sources */,
				041BC31A2B83AB7F002234B9 /* CellType.swift in Sources */,
				0499A4782B71214100DDDFCC /* PostsViewController.swift in Sources */,
				041BC3092B8386CB002234B9 /* NotificationsViewController.swift in Sources */,
				041BC3282B843C2D002234B9 /* RecomindationCell.swift in Sources */,
				041BC3122B8395B5002234B9 /* ModelStories.swift in Sources */,
				041BC30C2B838759002234B9 /* ProfileViewController.swift in Sources */,
				041BC3162B839972002234B9 /* StoriesCell.swift in Sources */,
				0499A4742B71214100DDDFCC /* AppDelegate.swift in Sources */,
				0499A4762B71214100DDDFCC /* SceneDelegate.swift in Sources */,
				041BC31F2B83AFA6002234B9 /* PostCell.swift in Sources */,
			);
			runOnlyForDeploymentPostprocessing = 0;
		};
/* End PBXSourcesBuildPhase section */

/* Begin PBXVariantGroup section */
		0499A4792B71214100DDDFCC /* Main.storyboard */ = {
			isa = PBXVariantGroup;
			children = (
				0499A47A2B71214100DDDFCC /* Base */,
			);
			name = Main.storyboard;
			sourceTree = "<group>";
		};
		0499A47E2B71214400DDDFCC /* LaunchScreen.storyboard */ = {
			isa = PBXVariantGroup;
			children = (
				0499A47F2B71214400DDDFCC /* Base */,
			);
			name = LaunchScreen.storyboard;
			sourceTree = "<group>";
		};
/* End PBXVariantGroup section */

/* Begin XCBuildConfiguration section */
		0499A4822B71214400DDDFCC /* Debug */ = {
			isa = XCBuildConfiguration;
			buildSettings = {
				ALWAYS_SEARCH_USER_PATHS = NO;
				CLANG_ANALYZER_NONNULL = YES;
				CLANG_ANALYZER_NUMBER_OBJECT_CONVERSION = YES_AGGRESSIVE;
				CLANG_CXX_LANGUAGE_STANDARD = "gnu++20";
				CLANG_ENABLE_MODULES = YES;
				CLANG_ENABLE_OBJC_ARC = YES;
				CLANG_ENABLE_OBJC_WEAK = YES;
				CLANG_WARN_BLOCK_CAPTURE_AUTORELEASING = YES;
				CLANG_WARN_BOOL_CONVERSION = YES;
				CLANG_WARN_COMMA = YES;
				CLANG_WARN_CONSTANT_CONVERSION = YES;
				CLANG_WARN_DEPRECATED_OBJC_IMPLEMENTATIONS = YES;
				CLANG_WARN_DIRECT_OBJC_ISA_USAGE = YES_ERROR;
				CLANG_WARN_DOCUMENTATION_COMMENTS = YES;
				CLANG_WARN_EMPTY_BODY = YES;
				CLANG_WARN_ENUM_CONVERSION = YES;
				CLANG_WARN_INFINITE_RECURSION = YES;
				CLANG_WARN_INT_CONVERSION = YES;
				CLANG_WARN_NON_LITERAL_NULL_CONVERSION = YES;
				CLANG_WARN_OBJC_IMPLICIT_RETAIN_SELF = YES;
				CLANG_WARN_OBJC_LITERAL_CONVERSION = YES;
				CLANG_WARN_OBJC_ROOT_CLASS = YES_ERROR;
				CLANG_WARN_QUOTED_INCLUDE_IN_FRAMEWORK_HEADER = YES;
				CLANG_WARN_RANGE_LOOP_ANALYSIS = YES;
				CLANG_WARN_STRICT_PROTOTYPES = YES;
				CLANG_WARN_SUSPICIOUS_MOVE = YES;
				CLANG_WARN_UNGUARDED_AVAILABILITY = YES_AGGRESSIVE;
				CLANG_WARN_UNREACHABLE_CODE = YES;
				CLANG_WARN__DUPLICATE_METHOD_MATCH = YES;
				COPY_PHASE_STRIP = NO;
				DEBUG_INFORMATION_FORMAT = dwarf;
				ENABLE_STRICT_OBJC_MSGSEND = YES;
				ENABLE_TESTABILITY = YES;
				GCC_C_LANGUAGE_STANDARD = gnu11;
				GCC_DYNAMIC_NO_PIC = NO;
				GCC_NO_COMMON_BLOCKS = YES;
				GCC_OPTIMIZATION_LEVEL = 0;
				GCC_PREPROCESSOR_DEFINITIONS = (
					"DEBUG=1",
					"$(inherited)",
				);
				GCC_WARN_64_TO_32_BIT_CONVERSION = YES;
				GCC_WARN_ABOUT_RETURN_TYPE = YES_ERROR;
				GCC_WARN_UNDECLARED_SELECTOR = YES;
				GCC_WARN_UNINITIALIZED_AUTOS = YES_AGGRESSIVE;
				GCC_WARN_UNUSED_FUNCTION = YES;
				GCC_WARN_UNUSED_VARIABLE = YES;
				IPHONEOS_DEPLOYMENT_TARGET = 16.4;
				MTL_ENABLE_DEBUG_INFO = INCLUDE_SOURCE;
				MTL_FAST_MATH = YES;
				ONLY_ACTIVE_ARCH = YES;
				SDKROOT = iphoneos;
				SWIFT_ACTIVE_COMPILATION_CONDITIONS = DEBUG;
				SWIFT_OPTIMIZATION_LEVEL = "-Onone";
			};
			name = Debug;
		};
		0499A4832B71214400DDDFCC /* Release */ = {
			isa = XCBuildConfiguration;
			buildSettings = {
				ALWAYS_SEARCH_USER_PATHS = NO;
				CLANG_ANALYZER_NONNULL = YES;
				CLANG_ANALYZER_NUMBER_OBJECT_CONVERSION = YES_AGGRESSIVE;
				CLANG_CXX_LANGUAGE_STANDARD = "gnu++20";
				CLANG_ENABLE_MODULES = YES;
				CLANG_ENABLE_OBJC_ARC = YES;
				CLANG_ENABLE_OBJC_WEAK = YES;
				CLANG_WARN_BLOCK_CAPTURE_AUTORELEASING = YES;
				CLANG_WARN_BOOL_CONVERSION = YES;
				CLANG_WARN_COMMA = YES;
				CLANG_WARN_CONSTANT_CONVERSION = YES;
				CLANG_WARN_DEPRECATED_OBJC_IMPLEMENTATIONS = YES;
				CLANG_WARN_DIRECT_OBJC_ISA_USAGE = YES_ERROR;
				CLANG_WARN_DOCUMENTATION_COMMENTS = YES;
				CLANG_WARN_EMPTY_BODY = YES;
				CLANG_WARN_ENUM_CONVERSION = YES;
				CLANG_WARN_INFINITE_RECURSION = YES;
				CLANG_WARN_INT_CONVERSION = YES;
				CLANG_WARN_NON_LITERAL_NULL_CONVERSION = YES;
				CLANG_WARN_OBJC_IMPLICIT_RETAIN_SELF = YES;
				CLANG_WARN_OBJC_LITERAL_CONVERSION = YES;
				CLANG_WARN_OBJC_ROOT_CLASS = YES_ERROR;
				CLANG_WARN_QUOTED_INCLUDE_IN_FRAMEWORK_HEADER = YES;
				CLANG_WARN_RANGE_LOOP_ANALYSIS = YES;
				CLANG_WARN_STRICT_PROTOTYPES = YES;
				CLANG_WARN_SUSPICIOUS_MOVE = YES;
				CLANG_WARN_UNGUARDED_AVAILABILITY = YES_AGGRESSIVE;
				CLANG_WARN_UNREACHABLE_CODE = YES;
				CLANG_WARN__DUPLICATE_METHOD_MATCH = YES;
				COPY_PHASE_STRIP = NO;
				DEBUG_INFORMATION_FORMAT = "dwarf-with-dsym";
				ENABLE_NS_ASSERTIONS = NO;
				ENABLE_STRICT_OBJC_MSGSEND = YES;
				GCC_C_LANGUAGE_STANDARD = gnu11;
				GCC_NO_COMMON_BLOCKS = YES;
				GCC_WARN_64_TO_32_BIT_CONVERSION = YES;
				GCC_WARN_ABOUT_RETURN_TYPE = YES_ERROR;
				GCC_WARN_UNDECLARED_SELECTOR = YES;
				GCC_WARN_UNINITIALIZED_AUTOS = YES_AGGRESSIVE;
				GCC_WARN_UNUSED_FUNCTION = YES;
				GCC_WARN_UNUSED_VARIABLE = YES;
				IPHONEOS_DEPLOYMENT_TARGET = 16.4;
				MTL_ENABLE_DEBUG_INFO = NO;
				MTL_FAST_MATH = YES;
				SDKROOT = iphoneos;
				SWIFT_COMPILATION_MODE = wholemodule;
				SWIFT_OPTIMIZATION_LEVEL = "-O";
				VALIDATE_PRODUCT = YES;
			};
			name = Release;
		};
		0499A4852B71214400DDDFCC /* Debug */ = {
			isa = XCBuildConfiguration;
			buildSettings = {
				ASSETCATALOG_COMPILER_APPICON_NAME = AppIcon;
				ASSETCATALOG_COMPILER_GLOBAL_ACCENT_COLOR_NAME = AccentColor;
				CODE_SIGN_STYLE = Automatic;
				CURRENT_PROJECT_VERSION = 1;
				GENERATE_INFOPLIST_FILE = YES;
				INFOPLIST_FILE = UIKitDZ/Info.plist;
				INFOPLIST_KEY_UIApplicationSupportsIndirectInputEvents = YES;
				INFOPLIST_KEY_UILaunchStoryboardName = LaunchScreen;
				INFOPLIST_KEY_UIMainStoryboardFile = Main;
				INFOPLIST_KEY_UISupportedInterfaceOrientations_iPad = "UIInterfaceOrientationPortrait UIInterfaceOrientationPortraitUpsideDown UIInterfaceOrientationLandscapeLeft UIInterfaceOrientationLandscapeRight";
				INFOPLIST_KEY_UISupportedInterfaceOrientations_iPhone = "UIInterfaceOrientationPortrait UIInterfaceOrientationLandscapeLeft UIInterfaceOrientationLandscapeRight";
				LD_RUNPATH_SEARCH_PATHS = (
					"$(inherited)",
					"@executable_path/Frameworks",
				);
				MARKETING_VERSION = 1.0;
				PRODUCT_BUNDLE_IDENTIFIER = "-.UIKitDZ";
				PRODUCT_NAME = "$(TARGET_NAME)";
				SWIFT_EMIT_LOC_STRINGS = YES;
				SWIFT_VERSION = 5.0;
				TARGETED_DEVICE_FAMILY = "1,2";
			};
			name = Debug;
		};
		0499A4862B71214400DDDFCC /* Release */ = {
			isa = XCBuildConfiguration;
			buildSettings = {
				ASSETCATALOG_COMPILER_APPICON_NAME = AppIcon;
				ASSETCATALOG_COMPILER_GLOBAL_ACCENT_COLOR_NAME = AccentColor;
				CODE_SIGN_STYLE = Automatic;
				CURRENT_PROJECT_VERSION = 1;
				GENERATE_INFOPLIST_FILE = YES;
				INFOPLIST_FILE = UIKitDZ/Info.plist;
				INFOPLIST_KEY_UIApplicationSupportsIndirectInputEvents = YES;
				INFOPLIST_KEY_UILaunchStoryboardName = LaunchScreen;
				INFOPLIST_KEY_UIMainStoryboardFile = Main;
				INFOPLIST_KEY_UISupportedInterfaceOrientations_iPad = "UIInterfaceOrientationPortrait UIInterfaceOrientationPortraitUpsideDown UIInterfaceOrientationLandscapeLeft UIInterfaceOrientationLandscapeRight";
				INFOPLIST_KEY_UISupportedInterfaceOrientations_iPhone = "UIInterfaceOrientationPortrait UIInterfaceOrientationLandscapeLeft UIInterfaceOrientationLandscapeRight";
				LD_RUNPATH_SEARCH_PATHS = (
					"$(inherited)",
					"@executable_path/Frameworks",
				);
				MARKETING_VERSION = 1.0;
				PRODUCT_BUNDLE_IDENTIFIER = "-.UIKitDZ";
				PRODUCT_NAME = "$(TARGET_NAME)";
				SWIFT_EMIT_LOC_STRINGS = YES;
				SWIFT_VERSION = 5.0;
				TARGETED_DEVICE_FAMILY = "1,2";
			};
			name = Release;
		};
/* End XCBuildConfiguration section */

/* Begin XCConfigurationList section */
		0499A46B2B71214100DDDFCC /* Build configuration list for PBXProject "UIKitDZ" */ = {
			isa = XCConfigurationList;
			buildConfigurations = (
				0499A4822B71214400DDDFCC /* Debug */,
				0499A4832B71214400DDDFCC /* Release */,
			);
			defaultConfigurationIsVisible = 0;
			defaultConfigurationName = Release;
		};
		0499A4842B71214400DDDFCC /* Build configuration list for PBXNativeTarget "UIKitDZ" */ = {
			isa = XCConfigurationList;
			buildConfigurations = (
				0499A4852B71214400DDDFCC /* Debug */,
				0499A4862B71214400DDDFCC /* Release */,
			);
			defaultConfigurationIsVisible = 0;
			defaultConfigurationName = Release;
		};
/* End XCConfigurationList section */
	};
	rootObject = 0499A4682B71214100DDDFCC /* Project object */;
}
